
Microsoft Visual Studio Solution File, Format Version 12.00
# Visual Studio 15
VisualStudioVersion = 15.0.28307.757
MinimumVisualStudioVersion = 10.0.40219.1
Project("{FAE04EC0-301F-11D3-BF4B-00C04F79EFBC}") = "DatabaseLibrary", "DatabaseLibrary\DatabaseLibrary.csproj", "{8FF2AECB-F940-413F-9E5B-E4B3D8C0F379}"
EndProject
Project("{FAE04EC0-301F-11D3-BF4B-00C04F79EFBC}") = "ErrorMessageLibrary", "ErrorMessageLibrary\ErrorMessageLibrary.csproj", "{388F62A1-BA84-49AD-921E-77FE2F579C68}"
EndProject
Project("{FAE04EC0-301F-11D3-BF4B-00C04F79EFBC}") = "MailSendLibrary", "MailSendLibrary\MailSendLibrary.csproj", "{1FE60AB5-48A1-44DE-97A6-1354360A7D1D}"
EndProject
Project("{FAE04EC0-301F-11D3-BF4B-00C04F79EFBC}") = "MathLibrary", "MathLibrary\MathLibrary.csproj", "{D02B058B-6DB9-4DC3-A8D6-B0AA7DE95B0E}"
EndProject
Project("{FAE04EC0-301F-11D3-BF4B-00C04F79EFBC}") = "ModbusLibrary", "ModbusLibrary\ModbusLibrary.csproj", "{27414BF9-6F09-4053-B206-8B7B111A0829}"
EndProject
Project("{FAE04EC0-301F-11D3-BF4B-00C04F79EFBC}") = "ModbusReceiveLibrary", "ModbusReceiveLibrary\ModbusReceiveLibrary.csproj", "{3F21A14F-2B91-4B15-BD46-62D80B108ED6}"
EndProject
Project("{FAE04EC0-301F-11D3-BF4B-00C04F79EFBC}") = "LineNotifyLibrary", "..\Libary1\LineNotifyClassLibrary1\LineNotifyLibrary.csproj", "{BE4129E6-8B03-4CAD-9180-2DD377866ABE}"
EndProject
Project("{FAE04EC0-301F-11D3-BF4B-00C04F79EFBC}") = "SQLswitchLibrary", "..\Libary1\SQLswitchClassLibrary1\SQLswitchLibrary.csproj", "{27EE80B5-E04A-423F-AF1D-07F954A5B113}"
EndProject
Project("{FAE04EC0-301F-11D3-BF4B-00C04F79EFBC}") = "TCPClientibrary", "..\Libary1\TCPClientClassLibrary1\TCPClientibrary.csproj", "{783E4978-2C11-48CA-B8D7-C3C139F5B0A8}"
EndProject
Project("{FAE04EC0-301F-11D3-BF4B-00C04F79EFBC}") = "TCPSeverLibrary", "..\Libary1\TCPSeverLibrary1\TCPSeverLibrary.csproj", "{376A2B71-D3F0-4598-85BA-B3C3280295B1}"
EndProject
Global
	GlobalSection(SolutionConfigurationPlatforms) = preSolution
		Debug|Any CPU = Debug|Any CPU
		Release|Any CPU = Release|Any CPU
	EndGlobalSection
	GlobalSection(ProjectConfigurationPlatforms) = postSolution
		{8FF2AECB-F940-413F-9E5B-E4B3D8C0F379}.Debug|Any CPU.ActiveCfg = Debug|Any CPU
		{8FF2AECB-F940-413F-9E5B-E4B3D8C0F379}.Debug|Any CPU.Build.0 = Debug|Any CPU
		{8FF2AECB-F940-413F-9E5B-E4B3D8C0F379}.Release|Any CPU.ActiveCfg = Release|Any CPU
		{8FF2AECB-F940-413F-9E5B-E4B3D8C0F379}.Release|Any CPU.Build.0 = Release|Any CPU
		{388F62A1-BA84-49AD-921E-77FE2F579C68}.Debug|Any CPU.ActiveCfg = Debug|Any CPU
		{388F62A1-BA84-49AD-921E-77FE2F579C68}.Debug|Any CPU.Build.0 = Debug|Any CPU
		{388F62A1-BA84-49AD-921E-77FE2F579C68}.Release|Any CPU.ActiveCfg = Release|Any CPU
		{388F62A1-BA84-49AD-921E-77FE2F579C68}.Release|Any CPU.Build.0 = Release|Any CPU
		{1FE60AB5-48A1-44DE-97A6-1354360A7D1D}.Debug|Any CPU.ActiveCfg = Debug|Any CPU
		{1FE60AB5-48A1-44DE-97A6-1354360A7D1D}.Debug|Any CPU.Build.0 = Debug|Any CPU
		{1FE60AB5-48A1-44DE-97A6-1354360A7D1D}.Release|Any CPU.ActiveCfg = Release|Any CPU
		{1FE60AB5-48A1-44DE-97A6-1354360A7D1D}.Release|Any CPU.Build.0 = Release|Any CPU
		{D02B058B-6DB9-4DC3-A8D6-B0AA7DE95B0E}.Debug|Any CPU.ActiveCfg = Debug|Any CPU
		{D02B058B-6DB9-4DC3-A8D6-B0AA7DE95B0E}.Debug|Any CPU.Build.0 = Debug|Any CPU
		{D02B058B-6DB9-4DC3-A8D6-B0AA7DE95B0E}.Release|Any CPU.ActiveCfg = Release|Any CPU
		{D02B058B-6DB9-4DC3-A8D6-B0AA7DE95B0E}.Release|Any CPU.Build.0 = Release|Any CPU
		{27414BF9-6F09-4053-B206-8B7B111A0829}.Debug|Any CPU.ActiveCfg = Debug|Any CPU
		{27414BF9-6F09-4053-B206-8B7B111A0829}.Debug|Any CPU.Build.0 = Debug|Any CPU
		{27414BF9-6F09-4053-B206-8B7B111A0829}.Release|Any CPU.ActiveCfg = Release|Any CPU
		{27414BF9-6F09-4053-B206-8B7B111A0829}.Release|Any CPU.Build.0 = Release|Any CPU
		{3F21A14F-2B91-4B15-BD46-62D80B108ED6}.Debug|Any CPU.ActiveCfg = Debug|Any CPU
		{3F21A14F-2B91-4B15-BD46-62D80B108ED6}.Debug|Any CPU.Build.0 = Debug|Any CPU
		{3F21A14F-2B91-4B15-BD46-62D80B108ED6}.Release|Any CPU.ActiveCfg = Release|Any CPU
		{3F21A14F-2B91-4B15-BD46-62D80B108ED6}.Release|Any CPU.Build.0 = Release|Any CPU
		{BE4129E6-8B03-4CAD-9180-2DD377866ABE}.Debug|Any CPU.ActiveCfg = Debug|Any CPU
		{BE4129E6-8B03-4CAD-9180-2DD377866ABE}.Debug|Any CPU.Build.0 = Debug|Any CPU
		{BE4129E6-8B03-4CAD-9180-2DD377866ABE}.Release|Any CPU.ActiveCfg = Release|Any CPU
		{BE4129E6-8B03-4CAD-9180-2DD377866ABE}.Release|Any CPU.Build.0 = Release|Any CPU
		{27EE80B5-E04A-423F-AF1D-07F954A5B113}.Debug|Any CPU.ActiveCfg = Debug|Any CPU
		{27EE80B5-E04A-423F-AF1D-07F954A5B113}.Debug|Any CPU.Build.0 = Debug|Any CPU
		{27EE80B5-E04A-423F-AF1D-07F954A5B113}.Release|Any CPU.ActiveCfg = Release|Any CPU
		{27EE80B5-E04A-423F-AF1D-07F954A5B113}.Release|Any CPU.Build.0 = Release|Any CPU
		{783E4978-2C11-48CA-B8D7-C3C139F5B0A8}.Debug|Any CPU.ActiveCfg = Debug|Any CPU
		{783E4978-2C11-48CA-B8D7-C3C139F5B0A8}.Debug|Any CPU.Build.0 = Debug|Any CPU
		{783E4978-2C11-48CA-B8D7-C3C139F5B0A8}.Release|Any CPU.ActiveCfg = Release|Any CPU
		{783E4978-2C11-48CA-B8D7-C3C139F5B0A8}.Release|Any CPU.Build.0 = Release|Any CPU
		{376A2B71-D3F0-4598-85BA-B3C3280295B1}.Debug|Any CPU.ActiveCfg = Debug|Any CPU
		{376A2B71-D3F0-4598-85BA-B3C3280295B1}.Debug|Any CPU.Build.0 = Debug|Any CPU
		{376A2B71-D3F0-4598-85BA-B3C3280295B1}.Release|Any CPU.ActiveCfg = Release|Any CPU
		{376A2B71-D3F0-4598-85BA-B3C3280295B1}.Release|Any CPU.Build.0 = Release|Any CPU
	EndGlobalSection
	GlobalSection(SolutionProperties) = preSolution
		HideSolutionNode = FALSE
	EndGlobalSection
	GlobalSection(ExtensibilityGlobals) = postSolution
		SolutionGuid = {E429116B-2D28-4639-A77D-18BAC08F78D5}
	EndGlobalSection
EndGlobal
