
Microsoft Visual Studio Solution File, Format Version 12.00
# Visual Studio Version 16
VisualStudioVersion = 16.0.29230.47
MinimumVisualStudioVersion = 10.0.40219.1
Project("{FAE04EC0-301F-11D3-BF4B-00C04F79EFBC}") = "DatabaseLibrary", "DatabaseLibrary\DatabaseLibrary.csproj", "{8FF2AECB-F940-413F-9E5B-E4B3D8C0F379}"
EndProject
Project("{FAE04EC0-301F-11D3-BF4B-00C04F79EFBC}") = "ErrorMessageLibrary", "ErrorMessageLibrary\ErrorMessageLibrary.csproj", "{388F62A1-BA84-49AD-921E-77FE2F579C68}"
EndProject
Project("{FAE04EC0-301F-11D3-BF4B-00C04F79EFBC}") = "MailSendLibrary", "MailSendLibrary\MailSendLibrary.csproj", "{1FE60AB5-48A1-44DE-97A6-1354360A7D1D}"
EndProject
Project("{FAE04EC0-301F-11D3-BF4B-00C04F79EFBC}") = "MathLibrary", "MathLibrary\MathLibrary.csproj", "{A0B5DDAC-4404-4B96-85BB-74CE0FFFBE8B}"
EndProject
Project("{FAE04EC0-301F-11D3-BF4B-00C04F79EFBC}") = "ModbusLibrary", "ModbusLibrary\ModbusLibrary.csproj", "{41BCFB4D-E3F9-4018-A3C0-A05666116592}"
EndProject
Project("{FAE04EC0-301F-11D3-BF4B-00C04F79EFBC}") = "ModbusReceiveLibrary", "ModbusReceiveLibrary\ModbusReceiveLibrary.csproj", "{3F21A14F-2B91-4B15-BD46-62D80B108ED6}"
EndProject
Project("{FAE04EC0-301F-11D3-BF4B-00C04F79EFBC}") = "LineNotifyLibrary", "LineNotifyLibrary\LineNotifyLibrary.csproj", "{C6028FEE-1498-48FF-94D1-2F935DC64A77}"
EndProject
Project("{FAE04EC0-301F-11D3-BF4B-00C04F79EFBC}") = "SQLSwitchLibrary", "SQLSwitchLibrary\SQLSwitchLibrary.csproj", "{97DA682C-E0AD-4F38-8C7B-F3D1AF456E2C}"
EndProject
Project("{FAE04EC0-301F-11D3-BF4B-00C04F79EFBC}") = "TCPClientServerLibrary", "TCPClientServerLibrary\TCPClientServerLibrary.csproj", "{A938D727-ADD1-4D29-999B-777FA19A8E00}"
EndProject
Project("{FAE04EC0-301F-11D3-BF4B-00C04F79EFBC}") = "UpToIewatchLibrary", "UpToIewatchLibrary\UpToIewatchLibrary.csproj", "{6C9015FD-3737-4C33-A3BB-B146DB71A803}"
EndProject
Project("{FAE04EC0-301F-11D3-BF4B-00C04F79EFBC}") = "TelegramLibrary", "TelegramLibrary\TelegramLibrary.csproj", "{636B88CB-9CA5-461A-AB6A-08F6652137AF}"
EndProject
Global
	GlobalSection(SolutionConfigurationPlatforms) = preSolution
		Debug|Any CPU = Debug|Any CPU
		Release|Any CPU = Release|Any CPU
	EndGlobalSection
	GlobalSection(ProjectConfigurationPlatforms) = postSolution
		{8FF2AECB-F940-413F-9E5B-E4B3D8C0F379}.Debug|Any CPU.ActiveCfg = Debug|Any CPU
		{8FF2AECB-F940-413F-9E5B-E4B3D8C0F379}.Debug|Any CPU.Build.0 = Debug|Any CPU
		{8FF2AECB-F940-413F-9E5B-E4B3D8C0F379}.Release|Any CPU.ActiveCfg = Release|Any CPU
		{8FF2AECB-F940-413F-9E5B-E4B3D8C0F379}.Release|Any CPU.Build.0 = Release|Any CPU
		{388F62A1-BA84-49AD-921E-77FE2F579C68}.Debug|Any CPU.ActiveCfg = Debug|Any CPU
		{388F62A1-BA84-49AD-921E-77FE2F579C68}.Debug|Any CPU.Build.0 = Debug|Any CPU
		{388F62A1-BA84-49AD-921E-77FE2F579C68}.Release|Any CPU.ActiveCfg = Release|Any CPU
		{388F62A1-BA84-49AD-921E-77FE2F579C68}.Release|Any CPU.Build.0 = Release|Any CPU
		{1FE60AB5-48A1-44DE-97A6-1354360A7D1D}.Debug|Any CPU.ActiveCfg = Debug|Any CPU
		{1FE60AB5-48A1-44DE-97A6-1354360A7D1D}.Debug|Any CPU.Build.0 = Debug|Any CPU
		{1FE60AB5-48A1-44DE-97A6-1354360A7D1D}.Release|Any CPU.ActiveCfg = Release|Any CPU
		{1FE60AB5-48A1-44DE-97A6-1354360A7D1D}.Release|Any CPU.Build.0 = Release|Any CPU
		{A0B5DDAC-4404-4B96-85BB-74CE0FFFBE8B}.Debug|Any CPU.ActiveCfg = Debug|Any CPU
		{A0B5DDAC-4404-4B96-85BB-74CE0FFFBE8B}.Debug|Any CPU.Build.0 = Debug|Any CPU
		{A0B5DDAC-4404-4B96-85BB-74CE0FFFBE8B}.Release|Any CPU.ActiveCfg = Release|Any CPU
		{A0B5DDAC-4404-4B96-85BB-74CE0FFFBE8B}.Release|Any CPU.Build.0 = Release|Any CPU
		{41BCFB4D-E3F9-4018-A3C0-A05666116592}.Debug|Any CPU.ActiveCfg = Debug|Any CPU
		{41BCFB4D-E3F9-4018-A3C0-A05666116592}.Debug|Any CPU.Build.0 = Debug|Any CPU
		{41BCFB4D-E3F9-4018-A3C0-A05666116592}.Release|Any CPU.ActiveCfg = Release|Any CPU
		{41BCFB4D-E3F9-4018-A3C0-A05666116592}.Release|Any CPU.Build.0 = Release|Any CPU
		{3F21A14F-2B91-4B15-BD46-62D80B108ED6}.Debug|Any CPU.ActiveCfg = Debug|Any CPU
		{3F21A14F-2B91-4B15-BD46-62D80B108ED6}.Debug|Any CPU.Build.0 = Debug|Any CPU
		{3F21A14F-2B91-4B15-BD46-62D80B108ED6}.Release|Any CPU.ActiveCfg = Release|Any CPU
		{3F21A14F-2B91-4B15-BD46-62D80B108ED6}.Release|Any CPU.Build.0 = Release|Any CPU
		{C6028FEE-1498-48FF-94D1-2F935DC64A77}.Debug|Any CPU.ActiveCfg = Debug|Any CPU
		{C6028FEE-1498-48FF-94D1-2F935DC64A77}.Debug|Any CPU.Build.0 = Debug|Any CPU
		{C6028FEE-1498-48FF-94D1-2F935DC64A77}.Release|Any CPU.ActiveCfg = Release|Any CPU
		{C6028FEE-1498-48FF-94D1-2F935DC64A77}.Release|Any CPU.Build.0 = Release|Any CPU
		{97DA682C-E0AD-4F38-8C7B-F3D1AF456E2C}.Debug|Any CPU.ActiveCfg = Debug|Any CPU
		{97DA682C-E0AD-4F38-8C7B-F3D1AF456E2C}.Debug|Any CPU.Build.0 = Debug|Any CPU
		{97DA682C-E0AD-4F38-8C7B-F3D1AF456E2C}.Release|Any CPU.ActiveCfg = Release|Any CPU
		{97DA682C-E0AD-4F38-8C7B-F3D1AF456E2C}.Release|Any CPU.Build.0 = Release|Any CPU
		{A938D727-ADD1-4D29-999B-777FA19A8E00}.Debug|Any CPU.ActiveCfg = Debug|Any CPU
		{A938D727-ADD1-4D29-999B-777FA19A8E00}.Debug|Any CPU.Build.0 = Debug|Any CPU
		{A938D727-ADD1-4D29-999B-777FA19A8E00}.Release|Any CPU.ActiveCfg = Release|Any CPU
		{A938D727-ADD1-4D29-999B-777FA19A8E00}.Release|Any CPU.Build.0 = Release|Any CPU
		{6C9015FD-3737-4C33-A3BB-B146DB71A803}.Debug|Any CPU.ActiveCfg = Debug|Any CPU
		{6C9015FD-3737-4C33-A3BB-B146DB71A803}.Debug|Any CPU.Build.0 = Debug|Any CPU
		{6C9015FD-3737-4C33-A3BB-B146DB71A803}.Release|Any CPU.ActiveCfg = Release|Any CPU
		{6C9015FD-3737-4C33-A3BB-B146DB71A803}.Release|Any CPU.Build.0 = Release|Any CPU
		{636B88CB-9CA5-461A-AB6A-08F6652137AF}.Debug|Any CPU.ActiveCfg = Debug|Any CPU
		{636B88CB-9CA5-461A-AB6A-08F6652137AF}.Debug|Any CPU.Build.0 = Debug|Any CPU
		{636B88CB-9CA5-461A-AB6A-08F6652137AF}.Release|Any CPU.ActiveCfg = Release|Any CPU
		{636B88CB-9CA5-461A-AB6A-08F6652137AF}.Release|Any CPU.Build.0 = Release|Any CPU
	EndGlobalSection
	GlobalSection(SolutionProperties) = preSolution
		HideSolutionNode = FALSE
	EndGlobalSection
	GlobalSection(ExtensibilityGlobals) = postSolution
		SolutionGuid = {E429116B-2D28-4639-A77D-18BAC08F78D5}
	EndGlobalSection
EndGlobal
